{
  "name": "agsbar",
  "lockfileVersion": 3,
  "requires": true,
  "packages": {
    "": {
      "dependencies": {
        "ags": "github:Aylur/ags",
        "gnim-utils": "github:retrozinndev/gnim-utils"
      }
    },
    "node_modules/ags": {
      "version": "3.1.2",
      "resolved": "git+ssh://git@github.com/Aylur/ags.git#bbee2f18939f1ec7ff720e717cf305e73635628f",
      "license": "LGPL-2.1",
      "os": [
        "linux"
      ],
      "engines": {
        "gjs": ">=1.79.0"
      },
      "funding": {
        "type": "kofi",
        "url": "https://ko-fi.com/aylur"
      },
      "peerDependencies": {
        "gnim": "^1.9.1"
      }
    },
    "node_modules/gnim": {
      "version": "1.9.1",
      "resolved": "https://registry.npmjs.org/gnim/-/gnim-1.9.1.tgz",
      "integrity": "sha512-WttkzzZg17qrJKGk87HlE1zHKUdYoimSqjmsULt4C6DNq3JfYSPhYNjwUjBMHFpzZMbyUVHgpTTW6IIehme9tQ==",
      "license": "MIT",
      "peer": true,
      "engines": {
        "gjs": ">=1.79.0"
      },
      "funding": {
        "type": "kofi",
        "url": "https://ko-fi.com/aylur"
      }
    },
    "node_modules/gnim-utils": {
      "version": "1.0.0",
      "resolved": "git+ssh://git@github.com/retrozinndev/gnim-utils.git#3c3b9ac6209b47e1efb2ac219acab938e8d97426",
      "license": "MIT",
      "peerDependencies": {
        "gnim": "^1.8.2"
      }
    }
  }
}
