{
  "name": "agsbar",
  "lockfileVersion": 3,
  "requires": true,
  "packages": {
    "": {
      "dependencies": {
        "ags": "*",
        "gnim": "*",
        "gnim-utils": "github:retrozinndev/gnim-utils"
      }
    },
    "../../../../../nix/store/cb2g6v6c548aaglv8y5rlasdmhhi20md-ags-js-lib": {
      "name": "ags",
      "version": "3.0.0",
      "license": "LGPL-2.1",
      "os": [
        "linux"
      ],
      "devDependencies": {
        "@eslint/js": "latest",
        "eslint": "latest",
        "typescript": "latest",
        "typescript-eslint": "latest"
      },
      "engines": {
        "gjs": ">=1.79.0"
      },
      "funding": {
        "type": "kofi",
        "url": "https://ko-fi.com/aylur"
      },
      "peerDependencies": {
        "gnim": "^1.8.0"
      }
    },
    "../../../../../nix/store/cb2g6v6c548aaglv8y5rlasdmhhi20md-ags-js-lib/node_modules/gnim": {
      "version": "1.8.0",
      "license": "MIT",
      "engines": {
        "gjs": ">=1.79.0"
      },
      "funding": {
        "type": "kofi",
        "url": "https://ko-fi.com/aylur"
      }
    },
    "node_modules/ags": {
      "resolved": "../../../../../nix/store/cb2g6v6c548aaglv8y5rlasdmhhi20md-ags-js-lib",
      "link": true
    },
    "node_modules/gnim": {
      "resolved": "../../../../../nix/store/cb2g6v6c548aaglv8y5rlasdmhhi20md-ags-js-lib/node_modules/gnim",
      "link": true
    },
    "node_modules/gnim-utils": {
      "version": "1.0.0",
      "resolved": "git+ssh://git@github.com/retrozinndev/gnim-utils.git#d019b43105640f50ccaf9ae59058c722a93107bd",
      "license": "MIT",
      "dependencies": {
        "gnim": "^1.8.0"
      }
    }
  }
}
