{
    "name": "astal-shell",
    "lockfileVersion": 3,
    "requires": true,
    "packages": {
        "": {
            "name": "astal-shell",
            "dependencies": {
                "astal": "/home/ss-rowan/.local/share/ags",
                "gnim": "^1.8.0",
                "typescript": "5.7"
            }
        },
        "../../../../../nix/store/8gdgv19z6zjnyn1nka273br8rzr0xzhp-astal-gjs/share/astal/gjs": {
            "name": "astal",
            "extraneous": true,
            "license": "LGPL-2.1"
        },
        "../../../.local/share/ags": {
            "name": "astal",
            "license": "LGPL-2.1"
        },
        "node_modules/astal": {
            "resolved": "../../../.local/share/ags",
            "link": true
        },
        "node_modules/gnim": {
            "version": "1.8.0",
            "resolved": "https://registry.npmjs.org/gnim/-/gnim-1.8.0.tgz",
            "integrity": "sha512-lsfZ+iXiy92zZyD8+R2NtS+JzvWF6VAsppmz3Xr7LyauH0/3E77JUF5HIS3iCOC1pSk9mL9GnxxAiOjdgBo7XQ==",
            "license": "MIT",
            "engines": {
                "gjs": ">=1.79.0"
            },
            "funding": {
                "type": "kofi",
                "url": "https://ko-fi.com/aylur"
            }
        },
        "node_modules/typescript": {
            "version": "5.7.3",
            "resolved": "https://registry.npmjs.org/typescript/-/typescript-5.7.3.tgz",
            "integrity": "sha512-84MVSjMEHP+FQRPy3pX9sTVV/INIex71s9TL2Gm5FG/WG1SqXeKyZ0k7/blY/4FdOzI12CBy1vGc4og/eus0fw==",
            "license": "Apache-2.0",
            "bin": {
                "tsc": "bin/tsc",
                "tsserver": "bin/tsserver"
            },
            "engines": {
                "node": ">=14.17"
            }
        }
    }
}
